
Microsoft Visual Studio Solution File, Format Version 12.00
# Visual Studio Version 16
VisualStudioVersion = 16.0.30804.86
MinimumVisualStudioVersion = 10.0.40219.1
Project("{FAE04EC0-301F-11D3-BF4B-00C04F79EFBC}") = "Encapsulation", "Encapsulation.csproj", "{7D46B226-F8FE-43C5-8D4F-D93D30DC7070}"
EndProject
Global
	GlobalSection(SolutionConfigurationPlatforms) = preSolution
		Debug|Any CPU = Debug|Any CPU
		Release|Any CPU = Release|Any CPU
	EndGlobalSection
	GlobalSection(ProjectConfigurationPlatforms) = postSolution
		{7D46B226-F8FE-43C5-8D4F-D93D30DC7070}.Debug|Any CPU.ActiveCfg = Debug|Any CPU
		{7D46B226-F8FE-43C5-8D4F-D93D30DC7070}.Debug|Any CPU.Build.0 = Debug|Any CPU
		{7D46B226-F8FE-43C5-8D4F-D93D30DC7070}.Release|Any CPU.ActiveCfg = Release|Any CPU
		{7D46B226-F8FE-43C5-8D4F-D93D30DC7070}.Release|Any CPU.Build.0 = Release|Any CPU
	EndGlobalSection
	GlobalSection(SolutionProperties) = preSolution
		HideSolutionNode = FALSE
	EndGlobalSection
	GlobalSection(ExtensibilityGlobals) = postSolution
		SolutionGuid = {932D0AC0-3E0F-4ACF-A516-1F8C05967A15}
	EndGlobalSection
EndGlobal
