
Microsoft Visual Studio Solution File, Format Version 12.00
# Visual Studio Version 16
VisualStudioVersion = 16.0.30907.101
MinimumVisualStudioVersion = 10.0.40219.1
Project("{FAE04EC0-301F-11D3-BF4B-00C04F79EFBC}") = "calculator", "calculator.csproj", "{8FFC4CBC-41CD-417A-A580-CC8B03C3CA6B}"
EndProject
Global
	GlobalSection(SolutionConfigurationPlatforms) = preSolution
		Debug|Any CPU = Debug|Any CPU
		Release|Any CPU = Release|Any CPU
	EndGlobalSection
	GlobalSection(ProjectConfigurationPlatforms) = postSolution
		{8FFC4CBC-41CD-417A-A580-CC8B03C3CA6B}.Debug|Any CPU.ActiveCfg = Debug|Any CPU
		{8FFC4CBC-41CD-417A-A580-CC8B03C3CA6B}.Debug|Any CPU.Build.0 = Debug|Any CPU
		{8FFC4CBC-41CD-417A-A580-CC8B03C3CA6B}.Release|Any CPU.ActiveCfg = Release|Any CPU
		{8FFC4CBC-41CD-417A-A580-CC8B03C3CA6B}.Release|Any CPU.Build.0 = Release|Any CPU
	EndGlobalSection
	GlobalSection(SolutionProperties) = preSolution
		HideSolutionNode = FALSE
	EndGlobalSection
	GlobalSection(ExtensibilityGlobals) = postSolution
		SolutionGuid = {C9233407-645E-48CF-A03D-FD56B59587BF}
	EndGlobalSection
EndGlobal
